
Microsoft Visual Studio Solution File, Format Version 12.00
# Visual Studio 2012
Project("{FAE04EC0-301F-11D3-BF4B-00C04F79EFBC}") = "DemoStackLayout.Android", "DemoStackLayout.Android\DemoStackLayout.Android.csproj", "{D9961671-3814-46E9-BC0D-CED3D0FE9CA9}"
EndProject
Project("{FAE04EC0-301F-11D3-BF4B-00C04F79EFBC}") = "DemoStackLayout.iOS", "DemoStackLayout.iOS\DemoStackLayout.iOS.csproj", "{3086BD1C-B213-40D6-BEFC-1A940C68F433}"
EndProject
Project("{FAE04EC0-301F-11D3-BF4B-00C04F79EFBC}") = "DemoStackLayout", "DemoStackLayout\DemoStackLayout.csproj", "{539C0513-2789-4B6C-9174-08E681BDC17A}"
EndProject
Global
	GlobalSection(SolutionConfigurationPlatforms) = preSolution
		Debug|Any CPU = Debug|Any CPU
		Release|Any CPU = Release|Any CPU
		Debug|iPhoneSimulator = Debug|iPhoneSimulator
		Release|iPhoneSimulator = Release|iPhoneSimulator
		Debug|iPhone = Debug|iPhone
		Release|iPhone = Release|iPhone
		Ad-Hoc|iPhone = Ad-Hoc|iPhone
		AppStore|iPhone = AppStore|iPhone
	EndGlobalSection
	GlobalSection(ProjectConfigurationPlatforms) = postSolution
		{D9961671-3814-46E9-BC0D-CED3D0FE9CA9}.Debug|Any CPU.ActiveCfg = Debug|Any CPU
		{D9961671-3814-46E9-BC0D-CED3D0FE9CA9}.Debug|Any CPU.Build.0 = Debug|Any CPU
		{D9961671-3814-46E9-BC0D-CED3D0FE9CA9}.Release|Any CPU.ActiveCfg = Release|Any CPU
		{D9961671-3814-46E9-BC0D-CED3D0FE9CA9}.Release|Any CPU.Build.0 = Release|Any CPU
		{D9961671-3814-46E9-BC0D-CED3D0FE9CA9}.Debug|iPhoneSimulator.ActiveCfg = Debug|Any CPU
		{D9961671-3814-46E9-BC0D-CED3D0FE9CA9}.Debug|iPhoneSimulator.Build.0 = Debug|Any CPU
		{D9961671-3814-46E9-BC0D-CED3D0FE9CA9}.Release|iPhoneSimulator.ActiveCfg = Release|Any CPU
		{D9961671-3814-46E9-BC0D-CED3D0FE9CA9}.Release|iPhoneSimulator.Build.0 = Release|Any CPU
		{D9961671-3814-46E9-BC0D-CED3D0FE9CA9}.Debug|iPhone.ActiveCfg = Debug|Any CPU
		{D9961671-3814-46E9-BC0D-CED3D0FE9CA9}.Debug|iPhone.Build.0 = Debug|Any CPU
		{D9961671-3814-46E9-BC0D-CED3D0FE9CA9}.Release|iPhone.ActiveCfg = Release|Any CPU
		{D9961671-3814-46E9-BC0D-CED3D0FE9CA9}.Release|iPhone.Build.0 = Release|Any CPU
		{D9961671-3814-46E9-BC0D-CED3D0FE9CA9}.Ad-Hoc|iPhone.ActiveCfg = Debug|Any CPU
		{D9961671-3814-46E9-BC0D-CED3D0FE9CA9}.Ad-Hoc|iPhone.Build.0 = Debug|Any CPU
		{D9961671-3814-46E9-BC0D-CED3D0FE9CA9}.AppStore|iPhone.ActiveCfg = Debug|Any CPU
		{D9961671-3814-46E9-BC0D-CED3D0FE9CA9}.AppStore|iPhone.Build.0 = Debug|Any CPU
		{3086BD1C-B213-40D6-BEFC-1A940C68F433}.Debug|Any CPU.ActiveCfg = Debug|iPhoneSimulator
		{3086BD1C-B213-40D6-BEFC-1A940C68F433}.Debug|Any CPU.Build.0 = Debug|iPhoneSimulator
		{3086BD1C-B213-40D6-BEFC-1A940C68F433}.Release|Any CPU.ActiveCfg = Release|iPhoneSimulator
		{3086BD1C-B213-40D6-BEFC-1A940C68F433}.Release|Any CPU.Build.0 = Release|iPhoneSimulator
		{3086BD1C-B213-40D6-BEFC-1A940C68F433}.Debug|iPhoneSimulator.ActiveCfg = Debug|iPhoneSimulator
		{3086BD1C-B213-40D6-BEFC-1A940C68F433}.Debug|iPhoneSimulator.Build.0 = Debug|iPhoneSimulator
		{3086BD1C-B213-40D6-BEFC-1A940C68F433}.Release|iPhoneSimulator.ActiveCfg = Release|iPhoneSimulator
		{3086BD1C-B213-40D6-BEFC-1A940C68F433}.Release|iPhoneSimulator.Build.0 = Release|iPhoneSimulator
		{3086BD1C-B213-40D6-BEFC-1A940C68F433}.Debug|iPhone.ActiveCfg = Debug|iPhone
		{3086BD1C-B213-40D6-BEFC-1A940C68F433}.Debug|iPhone.Build.0 = Debug|iPhone
		{3086BD1C-B213-40D6-BEFC-1A940C68F433}.Release|iPhone.ActiveCfg = Release|iPhone
		{3086BD1C-B213-40D6-BEFC-1A940C68F433}.Release|iPhone.Build.0 = Release|iPhone
		{3086BD1C-B213-40D6-BEFC-1A940C68F433}.Ad-Hoc|iPhone.ActiveCfg = Ad-Hoc|iPhone
		{3086BD1C-B213-40D6-BEFC-1A940C68F433}.Ad-Hoc|iPhone.Build.0 = Ad-Hoc|iPhone
		{3086BD1C-B213-40D6-BEFC-1A940C68F433}.AppStore|iPhone.ActiveCfg = AppStore|iPhone
		{3086BD1C-B213-40D6-BEFC-1A940C68F433}.AppStore|iPhone.Build.0 = AppStore|iPhone
		{539C0513-2789-4B6C-9174-08E681BDC17A}.Debug|Any CPU.ActiveCfg = Debug|Any CPU
		{539C0513-2789-4B6C-9174-08E681BDC17A}.Debug|Any CPU.Build.0 = Debug|Any CPU
		{539C0513-2789-4B6C-9174-08E681BDC17A}.Release|Any CPU.ActiveCfg = Release|Any CPU
		{539C0513-2789-4B6C-9174-08E681BDC17A}.Release|Any CPU.Build.0 = Release|Any CPU
		{539C0513-2789-4B6C-9174-08E681BDC17A}.Debug|iPhoneSimulator.ActiveCfg = Debug|Any CPU
		{539C0513-2789-4B6C-9174-08E681BDC17A}.Debug|iPhoneSimulator.Build.0 = Debug|Any CPU
		{539C0513-2789-4B6C-9174-08E681BDC17A}.Release|iPhoneSimulator.ActiveCfg = Release|Any CPU
		{539C0513-2789-4B6C-9174-08E681BDC17A}.Release|iPhoneSimulator.Build.0 = Release|Any CPU
		{539C0513-2789-4B6C-9174-08E681BDC17A}.Debug|iPhone.ActiveCfg = Debug|Any CPU
		{539C0513-2789-4B6C-9174-08E681BDC17A}.Debug|iPhone.Build.0 = Debug|Any CPU
		{539C0513-2789-4B6C-9174-08E681BDC17A}.Release|iPhone.ActiveCfg = Release|Any CPU
		{539C0513-2789-4B6C-9174-08E681BDC17A}.Release|iPhone.Build.0 = Release|Any CPU
		{539C0513-2789-4B6C-9174-08E681BDC17A}.Ad-Hoc|iPhone.ActiveCfg = Debug|Any CPU
		{539C0513-2789-4B6C-9174-08E681BDC17A}.Ad-Hoc|iPhone.Build.0 = Debug|Any CPU
		{539C0513-2789-4B6C-9174-08E681BDC17A}.AppStore|iPhone.ActiveCfg = Debug|Any CPU
		{539C0513-2789-4B6C-9174-08E681BDC17A}.AppStore|iPhone.Build.0 = Debug|Any CPU
	EndGlobalSection
EndGlobal
